
Microsoft Visual Studio Solution File, Format Version 12.00
# Visual Studio Version 17
VisualStudioVersion = 17.0.31903.59
MinimumVisualStudioVersion = 10.0.40219.1
Project("{FAE04EC0-301F-11D3-BF4B-00C04F79EFBC}") = "RiverBooks.Web", "RiverBooks.Web\RiverBooks.Web.csproj", "{AEBE9492-999D-48B3-A1A9-4DB79C6D11F8}"
EndProject
Project("{FAE04EC0-301F-11D3-BF4B-00C04F79EFBC}") = "RiverBooks.Books", "RiverBooks.Books\RiverBooks.Books.csproj", "{024CD79C-489E-4BBD-9B48-552C7C8E7B88}"
EndProject
Project("{2150E333-8FDC-42A3-9474-1A3956D46DE8}") = "_Solution Items", "_Solution Items", "{02EA681E-C7D8-13C7-8484-4AC65E1B71E8}"
	ProjectSection(SolutionItems) = preProject
		.editorconfig = .editorconfig
		Directory.Build.props = Directory.Build.props
	EndProjectSection
EndProject
Project("{FAE04EC0-301F-11D3-BF4B-00C04F79EFBC}") = "RiverBooks.Books.Tests", "RiverBooks.Books.Tests\RiverBooks.Books.Tests.csproj", "{C4C43DE4-D8F2-4B9A-8D55-DD0C91C20534}"
EndProject
Project("{2150E333-8FDC-42A3-9474-1A3956D46DE8}") = "Books Module", "Books Module", "{0259F194-0243-44A0-929D-6B4F24463B8D}"
EndProject
Project("{2150E333-8FDC-42A3-9474-1A3956D46DE8}") = "Users Module", "Users Module", "{6A673CE7-05B8-4FFC-8A0B-C4B2020DF28E}"
EndProject
Project("{FAE04EC0-301F-11D3-BF4B-00C04F79EFBC}") = "RiverBooks.Users", "RiverBooks.Users\RiverBooks.Users.csproj", "{1F3CD4ED-13FF-439A-B987-3872D5D01BE9}"
EndProject
Project("{FAE04EC0-301F-11D3-BF4B-00C04F79EFBC}") = "RiverBooks.Books.Contracts", "RiverBooks.Books.Contracts\RiverBooks.Books.Contracts.csproj", "{85CEF06A-4455-4404-9F88-26CD3D4343D2}"
EndProject
Project("{2150E333-8FDC-42A3-9474-1A3956D46DE8}") = "OrderProcessing Module", "OrderProcessing Module", "{FCE73B43-A0BD-4076-94D2-42C15F32D7EE}"
EndProject
Project("{FAE04EC0-301F-11D3-BF4B-00C04F79EFBC}") = "RiverBooks.OrderProcessing", "RiverBooks.OrderProcessing\RiverBooks.OrderProcessing.csproj", "{1B42D0C9-8B2F-4505-A014-22C53A88957E}"
EndProject
Project("{FAE04EC0-301F-11D3-BF4B-00C04F79EFBC}") = "RiverBooks.OrderProcessing.Contracts", "RiverBooks.OrderProcessing.Contracts\RiverBooks.OrderProcessing.Contracts.csproj", "{B2EE75C0-3F32-4F83-BB69-5DA6F69C46D5}"
EndProject
Project("{FAE04EC0-301F-11D3-BF4B-00C04F79EFBC}") = "RiverBooks.Users.Contracts", "RiverBooks.Users.Contracts\RiverBooks.Users.Contracts.csproj", "{40F63665-C407-4FD3-9B1E-82C3691CFDD5}"
EndProject
Project("{FAE04EC0-301F-11D3-BF4B-00C04F79EFBC}") = "RiverBooks.SharedKernel", "RiverBooks.SharedKernel\RiverBooks.SharedKernel.csproj", "{103097EE-00BB-4788-B174-626341BBFD87}"
EndProject
Project("{FAE04EC0-301F-11D3-BF4B-00C04F79EFBC}") = "RiverBooks.OrderProcessing.Tests", "RiverBooks.OrderProcessing.Tests\RiverBooks.OrderProcessing.Tests.csproj", "{061323E9-2F47-47A6-8FBD-2C4BAA4E933B}"
EndProject
Project("{2150E333-8FDC-42A3-9474-1A3956D46DE8}") = "EmailSending Module", "EmailSending Module", "{952CCDB8-7C77-4493-B78C-43FE5E839CFB}"
EndProject
Project("{FAE04EC0-301F-11D3-BF4B-00C04F79EFBC}") = "RiverBooks.EmailSending", "RiverBooks.EmailSending\RiverBooks.EmailSending.csproj", "{32A783F6-891A-469E-862D-0FA125DB6CC8}"
EndProject
Project("{FAE04EC0-301F-11D3-BF4B-00C04F79EFBC}") = "RiverBooks.EmailSending.Contracts", "RiverBooks.EmailSending.Contracts\RiverBooks.EmailSending.Contracts.csproj", "{B5499328-0923-4A67-B683-B32D0ADA80A9}"
EndProject
Global
	GlobalSection(SolutionConfigurationPlatforms) = preSolution
		Debug|Any CPU = Debug|Any CPU
		Debug|x64 = Debug|x64
		Debug|x86 = Debug|x86
		Release|Any CPU = Release|Any CPU
		Release|x64 = Release|x64
		Release|x86 = Release|x86
	EndGlobalSection
	GlobalSection(ProjectConfigurationPlatforms) = postSolution
		{AEBE9492-999D-48B3-A1A9-4DB79C6D11F8}.Debug|Any CPU.ActiveCfg = Debug|Any CPU
		{AEBE9492-999D-48B3-A1A9-4DB79C6D11F8}.Debug|Any CPU.Build.0 = Debug|Any CPU
		{AEBE9492-999D-48B3-A1A9-4DB79C6D11F8}.Debug|x64.ActiveCfg = Debug|Any CPU
		{AEBE9492-999D-48B3-A1A9-4DB79C6D11F8}.Debug|x64.Build.0 = Debug|Any CPU
		{AEBE9492-999D-48B3-A1A9-4DB79C6D11F8}.Debug|x86.ActiveCfg = Debug|Any CPU
		{AEBE9492-999D-48B3-A1A9-4DB79C6D11F8}.Debug|x86.Build.0 = Debug|Any CPU
		{AEBE9492-999D-48B3-A1A9-4DB79C6D11F8}.Release|Any CPU.ActiveCfg = Release|Any CPU
		{AEBE9492-999D-48B3-A1A9-4DB79C6D11F8}.Release|Any CPU.Build.0 = Release|Any CPU
		{AEBE9492-999D-48B3-A1A9-4DB79C6D11F8}.Release|x64.ActiveCfg = Release|Any CPU
		{AEBE9492-999D-48B3-A1A9-4DB79C6D11F8}.Release|x64.Build.0 = Release|Any CPU
		{AEBE9492-999D-48B3-A1A9-4DB79C6D11F8}.Release|x86.ActiveCfg = Release|Any CPU
		{AEBE9492-999D-48B3-A1A9-4DB79C6D11F8}.Release|x86.Build.0 = Release|Any CPU
		{024CD79C-489E-4BBD-9B48-552C7C8E7B88}.Debug|Any CPU.ActiveCfg = Debug|Any CPU
		{024CD79C-489E-4BBD-9B48-552C7C8E7B88}.Debug|Any CPU.Build.0 = Debug|Any CPU
		{024CD79C-489E-4BBD-9B48-552C7C8E7B88}.Debug|x64.ActiveCfg = Debug|Any CPU
		{024CD79C-489E-4BBD-9B48-552C7C8E7B88}.Debug|x64.Build.0 = Debug|Any CPU
		{024CD79C-489E-4BBD-9B48-552C7C8E7B88}.Debug|x86.ActiveCfg = Debug|Any CPU
		{024CD79C-489E-4BBD-9B48-552C7C8E7B88}.Debug|x86.Build.0 = Debug|Any CPU
		{024CD79C-489E-4BBD-9B48-552C7C8E7B88}.Release|Any CPU.ActiveCfg = Release|Any CPU
		{024CD79C-489E-4BBD-9B48-552C7C8E7B88}.Release|Any CPU.Build.0 = Release|Any CPU
		{024CD79C-489E-4BBD-9B48-552C7C8E7B88}.Release|x64.ActiveCfg = Release|Any CPU
		{024CD79C-489E-4BBD-9B48-552C7C8E7B88}.Release|x64.Build.0 = Release|Any CPU
		{024CD79C-489E-4BBD-9B48-552C7C8E7B88}.Release|x86.ActiveCfg = Release|Any CPU
		{024CD79C-489E-4BBD-9B48-552C7C8E7B88}.Release|x86.Build.0 = Release|Any CPU
		{C4C43DE4-D8F2-4B9A-8D55-DD0C91C20534}.Debug|Any CPU.ActiveCfg = Debug|Any CPU
		{C4C43DE4-D8F2-4B9A-8D55-DD0C91C20534}.Debug|Any CPU.Build.0 = Debug|Any CPU
		{C4C43DE4-D8F2-4B9A-8D55-DD0C91C20534}.Debug|x64.ActiveCfg = Debug|Any CPU
		{C4C43DE4-D8F2-4B9A-8D55-DD0C91C20534}.Debug|x64.Build.0 = Debug|Any CPU
		{C4C43DE4-D8F2-4B9A-8D55-DD0C91C20534}.Debug|x86.ActiveCfg = Debug|Any CPU
		{C4C43DE4-D8F2-4B9A-8D55-DD0C91C20534}.Debug|x86.Build.0 = Debug|Any CPU
		{C4C43DE4-D8F2-4B9A-8D55-DD0C91C20534}.Release|Any CPU.ActiveCfg = Release|Any CPU
		{C4C43DE4-D8F2-4B9A-8D55-DD0C91C20534}.Release|Any CPU.Build.0 = Release|Any CPU
		{C4C43DE4-D8F2-4B9A-8D55-DD0C91C20534}.Release|x64.ActiveCfg = Release|Any CPU
		{C4C43DE4-D8F2-4B9A-8D55-DD0C91C20534}.Release|x64.Build.0 = Release|Any CPU
		{C4C43DE4-D8F2-4B9A-8D55-DD0C91C20534}.Release|x86.ActiveCfg = Release|Any CPU
		{C4C43DE4-D8F2-4B9A-8D55-DD0C91C20534}.Release|x86.Build.0 = Release|Any CPU
		{1F3CD4ED-13FF-439A-B987-3872D5D01BE9}.Debug|Any CPU.ActiveCfg = Debug|Any CPU
		{1F3CD4ED-13FF-439A-B987-3872D5D01BE9}.Debug|Any CPU.Build.0 = Debug|Any CPU
		{1F3CD4ED-13FF-439A-B987-3872D5D01BE9}.Debug|x64.ActiveCfg = Debug|Any CPU
		{1F3CD4ED-13FF-439A-B987-3872D5D01BE9}.Debug|x64.Build.0 = Debug|Any CPU
		{1F3CD4ED-13FF-439A-B987-3872D5D01BE9}.Debug|x86.ActiveCfg = Debug|Any CPU
		{1F3CD4ED-13FF-439A-B987-3872D5D01BE9}.Debug|x86.Build.0 = Debug|Any CPU
		{1F3CD4ED-13FF-439A-B987-3872D5D01BE9}.Release|Any CPU.ActiveCfg = Release|Any CPU
		{1F3CD4ED-13FF-439A-B987-3872D5D01BE9}.Release|Any CPU.Build.0 = Release|Any CPU
		{1F3CD4ED-13FF-439A-B987-3872D5D01BE9}.Release|x64.ActiveCfg = Release|Any CPU
		{1F3CD4ED-13FF-439A-B987-3872D5D01BE9}.Release|x64.Build.0 = Release|Any CPU
		{1F3CD4ED-13FF-439A-B987-3872D5D01BE9}.Release|x86.ActiveCfg = Release|Any CPU
		{1F3CD4ED-13FF-439A-B987-3872D5D01BE9}.Release|x86.Build.0 = Release|Any CPU
		{85CEF06A-4455-4404-9F88-26CD3D4343D2}.Debug|Any CPU.ActiveCfg = Debug|Any CPU
		{85CEF06A-4455-4404-9F88-26CD3D4343D2}.Debug|Any CPU.Build.0 = Debug|Any CPU
		{85CEF06A-4455-4404-9F88-26CD3D4343D2}.Debug|x64.ActiveCfg = Debug|Any CPU
		{85CEF06A-4455-4404-9F88-26CD3D4343D2}.Debug|x64.Build.0 = Debug|Any CPU
		{85CEF06A-4455-4404-9F88-26CD3D4343D2}.Debug|x86.ActiveCfg = Debug|Any CPU
		{85CEF06A-4455-4404-9F88-26CD3D4343D2}.Debug|x86.Build.0 = Debug|Any CPU
		{85CEF06A-4455-4404-9F88-26CD3D4343D2}.Release|Any CPU.ActiveCfg = Release|Any CPU
		{85CEF06A-4455-4404-9F88-26CD3D4343D2}.Release|Any CPU.Build.0 = Release|Any CPU
		{85CEF06A-4455-4404-9F88-26CD3D4343D2}.Release|x64.ActiveCfg = Release|Any CPU
		{85CEF06A-4455-4404-9F88-26CD3D4343D2}.Release|x64.Build.0 = Release|Any CPU
		{85CEF06A-4455-4404-9F88-26CD3D4343D2}.Release|x86.ActiveCfg = Release|Any CPU
		{85CEF06A-4455-4404-9F88-26CD3D4343D2}.Release|x86.Build.0 = Release|Any CPU
		{1B42D0C9-8B2F-4505-A014-22C53A88957E}.Debug|Any CPU.ActiveCfg = Debug|Any CPU
		{1B42D0C9-8B2F-4505-A014-22C53A88957E}.Debug|Any CPU.Build.0 = Debug|Any CPU
		{1B42D0C9-8B2F-4505-A014-22C53A88957E}.Debug|x64.ActiveCfg = Debug|Any CPU
		{1B42D0C9-8B2F-4505-A014-22C53A88957E}.Debug|x64.Build.0 = Debug|Any CPU
		{1B42D0C9-8B2F-4505-A014-22C53A88957E}.Debug|x86.ActiveCfg = Debug|Any CPU
		{1B42D0C9-8B2F-4505-A014-22C53A88957E}.Debug|x86.Build.0 = Debug|Any CPU
		{1B42D0C9-8B2F-4505-A014-22C53A88957E}.Release|Any CPU.ActiveCfg = Release|Any CPU
		{1B42D0C9-8B2F-4505-A014-22C53A88957E}.Release|Any CPU.Build.0 = Release|Any CPU
		{1B42D0C9-8B2F-4505-A014-22C53A88957E}.Release|x64.ActiveCfg = Release|Any CPU
		{1B42D0C9-8B2F-4505-A014-22C53A88957E}.Release|x64.Build.0 = Release|Any CPU
		{1B42D0C9-8B2F-4505-A014-22C53A88957E}.Release|x86.ActiveCfg = Release|Any CPU
		{1B42D0C9-8B2F-4505-A014-22C53A88957E}.Release|x86.Build.0 = Release|Any CPU
		{B2EE75C0-3F32-4F83-BB69-5DA6F69C46D5}.Debug|Any CPU.ActiveCfg = Debug|Any CPU
		{B2EE75C0-3F32-4F83-BB69-5DA6F69C46D5}.Debug|Any CPU.Build.0 = Debug|Any CPU
		{B2EE75C0-3F32-4F83-BB69-5DA6F69C46D5}.Debug|x64.ActiveCfg = Debug|Any CPU
		{B2EE75C0-3F32-4F83-BB69-5DA6F69C46D5}.Debug|x64.Build.0 = Debug|Any CPU
		{B2EE75C0-3F32-4F83-BB69-5DA6F69C46D5}.Debug|x86.ActiveCfg = Debug|Any CPU
		{B2EE75C0-3F32-4F83-BB69-5DA6F69C46D5}.Debug|x86.Build.0 = Debug|Any CPU
		{B2EE75C0-3F32-4F83-BB69-5DA6F69C46D5}.Release|Any CPU.ActiveCfg = Release|Any CPU
		{B2EE75C0-3F32-4F83-BB69-5DA6F69C46D5}.Release|Any CPU.Build.0 = Release|Any CPU
		{B2EE75C0-3F32-4F83-BB69-5DA6F69C46D5}.Release|x64.ActiveCfg = Release|Any CPU
		{B2EE75C0-3F32-4F83-BB69-5DA6F69C46D5}.Release|x64.Build.0 = Release|Any CPU
		{B2EE75C0-3F32-4F83-BB69-5DA6F69C46D5}.Release|x86.ActiveCfg = Release|Any CPU
		{B2EE75C0-3F32-4F83-BB69-5DA6F69C46D5}.Release|x86.Build.0 = Release|Any CPU
		{40F63665-C407-4FD3-9B1E-82C3691CFDD5}.Debug|Any CPU.ActiveCfg = Debug|Any CPU
		{40F63665-C407-4FD3-9B1E-82C3691CFDD5}.Debug|Any CPU.Build.0 = Debug|Any CPU
		{40F63665-C407-4FD3-9B1E-82C3691CFDD5}.Debug|x64.ActiveCfg = Debug|Any CPU
		{40F63665-C407-4FD3-9B1E-82C3691CFDD5}.Debug|x64.Build.0 = Debug|Any CPU
		{40F63665-C407-4FD3-9B1E-82C3691CFDD5}.Debug|x86.ActiveCfg = Debug|Any CPU
		{40F63665-C407-4FD3-9B1E-82C3691CFDD5}.Debug|x86.Build.0 = Debug|Any CPU
		{40F63665-C407-4FD3-9B1E-82C3691CFDD5}.Release|Any CPU.ActiveCfg = Release|Any CPU
		{40F63665-C407-4FD3-9B1E-82C3691CFDD5}.Release|Any CPU.Build.0 = Release|Any CPU
		{40F63665-C407-4FD3-9B1E-82C3691CFDD5}.Release|x64.ActiveCfg = Release|Any CPU
		{40F63665-C407-4FD3-9B1E-82C3691CFDD5}.Release|x64.Build.0 = Release|Any CPU
		{40F63665-C407-4FD3-9B1E-82C3691CFDD5}.Release|x86.ActiveCfg = Release|Any CPU
		{40F63665-C407-4FD3-9B1E-82C3691CFDD5}.Release|x86.Build.0 = Release|Any CPU
		{103097EE-00BB-4788-B174-626341BBFD87}.Debug|Any CPU.ActiveCfg = Debug|Any CPU
		{103097EE-00BB-4788-B174-626341BBFD87}.Debug|Any CPU.Build.0 = Debug|Any CPU
		{103097EE-00BB-4788-B174-626341BBFD87}.Debug|x64.ActiveCfg = Debug|Any CPU
		{103097EE-00BB-4788-B174-626341BBFD87}.Debug|x64.Build.0 = Debug|Any CPU
		{103097EE-00BB-4788-B174-626341BBFD87}.Debug|x86.ActiveCfg = Debug|Any CPU
		{103097EE-00BB-4788-B174-626341BBFD87}.Debug|x86.Build.0 = Debug|Any CPU
		{103097EE-00BB-4788-B174-626341BBFD87}.Release|Any CPU.ActiveCfg = Release|Any CPU
		{103097EE-00BB-4788-B174-626341BBFD87}.Release|Any CPU.Build.0 = Release|Any CPU
		{103097EE-00BB-4788-B174-626341BBFD87}.Release|x64.ActiveCfg = Release|Any CPU
		{103097EE-00BB-4788-B174-626341BBFD87}.Release|x64.Build.0 = Release|Any CPU
		{103097EE-00BB-4788-B174-626341BBFD87}.Release|x86.ActiveCfg = Release|Any CPU
		{103097EE-00BB-4788-B174-626341BBFD87}.Release|x86.Build.0 = Release|Any CPU
		{061323E9-2F47-47A6-8FBD-2C4BAA4E933B}.Debug|Any CPU.ActiveCfg = Debug|Any CPU
		{061323E9-2F47-47A6-8FBD-2C4BAA4E933B}.Debug|Any CPU.Build.0 = Debug|Any CPU
		{061323E9-2F47-47A6-8FBD-2C4BAA4E933B}.Debug|x64.ActiveCfg = Debug|Any CPU
		{061323E9-2F47-47A6-8FBD-2C4BAA4E933B}.Debug|x64.Build.0 = Debug|Any CPU
		{061323E9-2F47-47A6-8FBD-2C4BAA4E933B}.Debug|x86.ActiveCfg = Debug|Any CPU
		{061323E9-2F47-47A6-8FBD-2C4BAA4E933B}.Debug|x86.Build.0 = Debug|Any CPU
		{061323E9-2F47-47A6-8FBD-2C4BAA4E933B}.Release|Any CPU.ActiveCfg = Release|Any CPU
		{061323E9-2F47-47A6-8FBD-2C4BAA4E933B}.Release|Any CPU.Build.0 = Release|Any CPU
		{061323E9-2F47-47A6-8FBD-2C4BAA4E933B}.Release|x64.ActiveCfg = Release|Any CPU
		{061323E9-2F47-47A6-8FBD-2C4BAA4E933B}.Release|x64.Build.0 = Release|Any CPU
		{061323E9-2F47-47A6-8FBD-2C4BAA4E933B}.Release|x86.ActiveCfg = Release|Any CPU
		{061323E9-2F47-47A6-8FBD-2C4BAA4E933B}.Release|x86.Build.0 = Release|Any CPU
		{32A783F6-891A-469E-862D-0FA125DB6CC8}.Debug|Any CPU.ActiveCfg = Debug|Any CPU
		{32A783F6-891A-469E-862D-0FA125DB6CC8}.Debug|Any CPU.Build.0 = Debug|Any CPU
		{32A783F6-891A-469E-862D-0FA125DB6CC8}.Debug|x64.ActiveCfg = Debug|Any CPU
		{32A783F6-891A-469E-862D-0FA125DB6CC8}.Debug|x64.Build.0 = Debug|Any CPU
		{32A783F6-891A-469E-862D-0FA125DB6CC8}.Debug|x86.ActiveCfg = Debug|Any CPU
		{32A783F6-891A-469E-862D-0FA125DB6CC8}.Debug|x86.Build.0 = Debug|Any CPU
		{32A783F6-891A-469E-862D-0FA125DB6CC8}.Release|Any CPU.ActiveCfg = Release|Any CPU
		{32A783F6-891A-469E-862D-0FA125DB6CC8}.Release|Any CPU.Build.0 = Release|Any CPU
		{32A783F6-891A-469E-862D-0FA125DB6CC8}.Release|x64.ActiveCfg = Release|Any CPU
		{32A783F6-891A-469E-862D-0FA125DB6CC8}.Release|x64.Build.0 = Release|Any CPU
		{32A783F6-891A-469E-862D-0FA125DB6CC8}.Release|x86.ActiveCfg = Release|Any CPU
		{32A783F6-891A-469E-862D-0FA125DB6CC8}.Release|x86.Build.0 = Release|Any CPU
		{B5499328-0923-4A67-B683-B32D0ADA80A9}.Debug|Any CPU.ActiveCfg = Debug|Any CPU
		{B5499328-0923-4A67-B683-B32D0ADA80A9}.Debug|Any CPU.Build.0 = Debug|Any CPU
		{B5499328-0923-4A67-B683-B32D0ADA80A9}.Debug|x64.ActiveCfg = Debug|Any CPU
		{B5499328-0923-4A67-B683-B32D0ADA80A9}.Debug|x64.Build.0 = Debug|Any CPU
		{B5499328-0923-4A67-B683-B32D0ADA80A9}.Debug|x86.ActiveCfg = Debug|Any CPU
		{B5499328-0923-4A67-B683-B32D0ADA80A9}.Debug|x86.Build.0 = Debug|Any CPU
		{B5499328-0923-4A67-B683-B32D0ADA80A9}.Release|Any CPU.ActiveCfg = Release|Any CPU
		{B5499328-0923-4A67-B683-B32D0ADA80A9}.Release|Any CPU.Build.0 = Release|Any CPU
		{B5499328-0923-4A67-B683-B32D0ADA80A9}.Release|x64.ActiveCfg = Release|Any CPU
		{B5499328-0923-4A67-B683-B32D0ADA80A9}.Release|x64.Build.0 = Release|Any CPU
		{B5499328-0923-4A67-B683-B32D0ADA80A9}.Release|x86.ActiveCfg = Release|Any CPU
		{B5499328-0923-4A67-B683-B32D0ADA80A9}.Release|x86.Build.0 = Release|Any CPU
	EndGlobalSection
	GlobalSection(SolutionProperties) = preSolution
		HideSolutionNode = FALSE
	EndGlobalSection
	GlobalSection(NestedProjects) = preSolution
		{024CD79C-489E-4BBD-9B48-552C7C8E7B88} = {0259F194-0243-44A0-929D-6B4F24463B8D}
		{C4C43DE4-D8F2-4B9A-8D55-DD0C91C20534} = {0259F194-0243-44A0-929D-6B4F24463B8D}
		{1F3CD4ED-13FF-439A-B987-3872D5D01BE9} = {6A673CE7-05B8-4FFC-8A0B-C4B2020DF28E}
		{85CEF06A-4455-4404-9F88-26CD3D4343D2} = {0259F194-0243-44A0-929D-6B4F24463B8D}
		{1B42D0C9-8B2F-4505-A014-22C53A88957E} = {FCE73B43-A0BD-4076-94D2-42C15F32D7EE}
		{B2EE75C0-3F32-4F83-BB69-5DA6F69C46D5} = {FCE73B43-A0BD-4076-94D2-42C15F32D7EE}
		{40F63665-C407-4FD3-9B1E-82C3691CFDD5} = {6A673CE7-05B8-4FFC-8A0B-C4B2020DF28E}
		{061323E9-2F47-47A6-8FBD-2C4BAA4E933B} = {FCE73B43-A0BD-4076-94D2-42C15F32D7EE}
		{32A783F6-891A-469E-862D-0FA125DB6CC8} = {952CCDB8-7C77-4493-B78C-43FE5E839CFB}
		{B5499328-0923-4A67-B683-B32D0ADA80A9} = {952CCDB8-7C77-4493-B78C-43FE5E839CFB}
	EndGlobalSection
	GlobalSection(ExtensibilityGlobals) = postSolution
		SolutionGuid = {93C49BE9-0100-4868-9C17-5C74492E1432}
	EndGlobalSection
EndGlobal
